
Microsoft Visual Studio Solution File, Format Version 12.00
# Visual Studio Version 17
VisualStudioVersion = 17.7.34031.279
MinimumVisualStudioVersion = 10.0.40219.1
Project("{FAE04EC0-301F-11D3-BF4B-00C04F79EFBC}") = "GioHang", "GioHang\GioHang.csproj", "{FA225866-662E-4692-B944-AA126EBA5754}"
EndProject
Global
	GlobalSection(SolutionConfigurationPlatforms) = preSolution
		Debug|Any CPU = Debug|Any CPU
		Release|Any CPU = Release|Any CPU
	EndGlobalSection
	GlobalSection(ProjectConfigurationPlatforms) = postSolution
		{FA225866-662E-4692-B944-AA126EBA5754}.Debug|Any CPU.ActiveCfg = Debug|Any CPU
		{FA225866-662E-4692-B944-AA126EBA5754}.Debug|Any CPU.Build.0 = Debug|Any CPU
		{FA225866-662E-4692-B944-AA126EBA5754}.Release|Any CPU.ActiveCfg = Release|Any CPU
		{FA225866-662E-4692-B944-AA126EBA5754}.Release|Any CPU.Build.0 = Release|Any CPU
	EndGlobalSection
	GlobalSection(SolutionProperties) = preSolution
		HideSolutionNode = FALSE
	EndGlobalSection
	GlobalSection(ExtensibilityGlobals) = postSolution
		SolutionGuid = {371CAD24-2441-4E53-B2F3-AA0C1B2F5C95}
	EndGlobalSection
EndGlobal
